
Microsoft Visual Studio Solution File, Format Version 12.00
# Visual Studio 15
VisualStudioVersion = 15.0.26124.0
MinimumVisualStudioVersion = 15.0.26124.0
Project("{2150E333-8FDC-42A3-9474-1A3956D46DE8}") = "src", "src", "{5DB3205E-8CD4-4185-ACD9-24E419005027}"
EndProject
Project("{FAE04EC0-301F-11D3-BF4B-00C04F79EFBC}") = "CommandAPI", "src\CommandAPI\CommandAPI.csproj", "{BAD59AE0-72E7-4D43-A4D2-092D9868E187}"
EndProject
Project("{2150E333-8FDC-42A3-9474-1A3956D46DE8}") = "test", "test", "{67DD6351-DF5A-46E6-874A-D8432A7A2C91}"
EndProject
Project("{FAE04EC0-301F-11D3-BF4B-00C04F79EFBC}") = "CommandAPI.Tests", "test\CommandAPI.Tests\CommandAPI.Tests.csproj", "{AD4D6590-4689-4DC5-A4C0-8DB7B4480C5F}"
EndProject
Global
	GlobalSection(SolutionConfigurationPlatforms) = preSolution
		Debug|Any CPU = Debug|Any CPU
		Debug|x64 = Debug|x64
		Debug|x86 = Debug|x86
		Release|Any CPU = Release|Any CPU
		Release|x64 = Release|x64
		Release|x86 = Release|x86
	EndGlobalSection
	GlobalSection(SolutionProperties) = preSolution
		HideSolutionNode = FALSE
	EndGlobalSection
	GlobalSection(ProjectConfigurationPlatforms) = postSolution
		{BAD59AE0-72E7-4D43-A4D2-092D9868E187}.Debug|Any CPU.ActiveCfg = Debug|Any CPU
		{BAD59AE0-72E7-4D43-A4D2-092D9868E187}.Debug|Any CPU.Build.0 = Debug|Any CPU
		{BAD59AE0-72E7-4D43-A4D2-092D9868E187}.Debug|x64.ActiveCfg = Debug|Any CPU
		{BAD59AE0-72E7-4D43-A4D2-092D9868E187}.Debug|x64.Build.0 = Debug|Any CPU
		{BAD59AE0-72E7-4D43-A4D2-092D9868E187}.Debug|x86.ActiveCfg = Debug|Any CPU
		{BAD59AE0-72E7-4D43-A4D2-092D9868E187}.Debug|x86.Build.0 = Debug|Any CPU
		{BAD59AE0-72E7-4D43-A4D2-092D9868E187}.Release|Any CPU.ActiveCfg = Release|Any CPU
		{BAD59AE0-72E7-4D43-A4D2-092D9868E187}.Release|Any CPU.Build.0 = Release|Any CPU
		{BAD59AE0-72E7-4D43-A4D2-092D9868E187}.Release|x64.ActiveCfg = Release|Any CPU
		{BAD59AE0-72E7-4D43-A4D2-092D9868E187}.Release|x64.Build.0 = Release|Any CPU
		{BAD59AE0-72E7-4D43-A4D2-092D9868E187}.Release|x86.ActiveCfg = Release|Any CPU
		{BAD59AE0-72E7-4D43-A4D2-092D9868E187}.Release|x86.Build.0 = Release|Any CPU
		{AD4D6590-4689-4DC5-A4C0-8DB7B4480C5F}.Debug|Any CPU.ActiveCfg = Debug|Any CPU
		{AD4D6590-4689-4DC5-A4C0-8DB7B4480C5F}.Debug|Any CPU.Build.0 = Debug|Any CPU
		{AD4D6590-4689-4DC5-A4C0-8DB7B4480C5F}.Debug|x64.ActiveCfg = Debug|Any CPU
		{AD4D6590-4689-4DC5-A4C0-8DB7B4480C5F}.Debug|x64.Build.0 = Debug|Any CPU
		{AD4D6590-4689-4DC5-A4C0-8DB7B4480C5F}.Debug|x86.ActiveCfg = Debug|Any CPU
		{AD4D6590-4689-4DC5-A4C0-8DB7B4480C5F}.Debug|x86.Build.0 = Debug|Any CPU
		{AD4D6590-4689-4DC5-A4C0-8DB7B4480C5F}.Release|Any CPU.ActiveCfg = Release|Any CPU
		{AD4D6590-4689-4DC5-A4C0-8DB7B4480C5F}.Release|Any CPU.Build.0 = Release|Any CPU
		{AD4D6590-4689-4DC5-A4C0-8DB7B4480C5F}.Release|x64.ActiveCfg = Release|Any CPU
		{AD4D6590-4689-4DC5-A4C0-8DB7B4480C5F}.Release|x64.Build.0 = Release|Any CPU
		{AD4D6590-4689-4DC5-A4C0-8DB7B4480C5F}.Release|x86.ActiveCfg = Release|Any CPU
		{AD4D6590-4689-4DC5-A4C0-8DB7B4480C5F}.Release|x86.Build.0 = Release|Any CPU
	EndGlobalSection
	GlobalSection(NestedProjects) = preSolution
		{BAD59AE0-72E7-4D43-A4D2-092D9868E187} = {5DB3205E-8CD4-4185-ACD9-24E419005027}
		{AD4D6590-4689-4DC5-A4C0-8DB7B4480C5F} = {67DD6351-DF5A-46E6-874A-D8432A7A2C91}
	EndGlobalSection
EndGlobal
